Microsoft Visual Studio Solution File, Format Version 12.00
# Visual Studio Version 17
VisualStudioVersion = 17.5.2.0
MinimumVisualStudioVersion = 10.0.40219.1
Project("{2150E333-8FDC-42A3-9474-1A3956D46DE8}") = "astro-template", "astro-template", "{54D105DF-9CDA-25DD-5182-615E2EE72D3B}"
EndProject
Project("{FAE04EC0-301F-11D3-BF4B-00C04F79EFBC}") = "functions", "astro-template\functions\functions.csproj", "{92932BA3-EB60-F490-B8A3-98E752ECDB9D}"
EndProject
Global
	GlobalSection(SolutionConfigurationPlatforms) = preSolution
		Debug|Any CPU = Debug|Any CPU
		Release|Any CPU = Release|Any CPU
	EndGlobalSection
	GlobalSection(ProjectConfigurationPlatforms) = postSolution
		{92932BA3-EB60-F490-B8A3-98E752ECDB9D}.Debug|Any CPU.ActiveCfg = Debug|Any CPU
		{92932BA3-EB60-F490-B8A3-98E752ECDB9D}.Debug|Any CPU.Build.0 = Debug|Any CPU
		{92932BA3-EB60-F490-B8A3-98E752ECDB9D}.Release|Any CPU.ActiveCfg = Release|Any CPU
		{92932BA3-EB60-F490-B8A3-98E752ECDB9D}.Release|Any CPU.Build.0 = Release|Any CPU
	EndGlobalSection
	GlobalSection(SolutionProperties) = preSolution
		HideSolutionNode = FALSE
	EndGlobalSection
	GlobalSection(NestedProjects) = preSolution
		{92932BA3-EB60-F490-B8A3-98E752ECDB9D} = {54D105DF-9CDA-25DD-5182-615E2EE72D3B}
	EndGlobalSection
	GlobalSection(ExtensibilityGlobals) = postSolution
		SolutionGuid = {E392401E-C9A3-43BA-8EE2-CF915D18BC41}
	EndGlobalSection
EndGlobal
